
Microsoft Visual Studio Solution File, Format Version 12.00
# Visual Studio Version 17
VisualStudioVersion = 17.6.33717.318
MinimumVisualStudioVersion = 10.0.40219.1
Project("{FAE04EC0-301F-11D3-BF4B-00C04F79EFBC}") = "OnlineCommercialAutomation", "OnlineCommercialAutomation.csproj", "{05EDBEA8-CBA9-4F4D-8DB7-3D8036CE78C9}"
EndProject
Global
	GlobalSection(SolutionConfigurationPlatforms) = preSolution
		Debug|Any CPU = Debug|Any CPU
		Release|Any CPU = Release|Any CPU
	EndGlobalSection
	GlobalSection(ProjectConfigurationPlatforms) = postSolution
		{05EDBEA8-CBA9-4F4D-8DB7-3D8036CE78C9}.Debug|Any CPU.ActiveCfg = Debug|Any CPU
		{05EDBEA8-CBA9-4F4D-8DB7-3D8036CE78C9}.Debug|Any CPU.Build.0 = Debug|Any CPU
		{05EDBEA8-CBA9-4F4D-8DB7-3D8036CE78C9}.Release|Any CPU.ActiveCfg = Release|Any CPU
		{05EDBEA8-CBA9-4F4D-8DB7-3D8036CE78C9}.Release|Any CPU.Build.0 = Release|Any CPU
	EndGlobalSection
	GlobalSection(SolutionProperties) = preSolution
		HideSolutionNode = FALSE
	EndGlobalSection
	GlobalSection(ExtensibilityGlobals) = postSolution
		SolutionGuid = {457AE374-A8F2-4EAB-9966-E0C3DA0888AC}
	EndGlobalSection
EndGlobal
